{
  "version": 4,
  "terraform_version": "1.4.6",
  "serial": 709,
  "lineage": "d1ca1288-82d6-3f5e-a37c-ec872046cde3",
  "outputs": {},
  "resources": [
    {
      "mode": "data",
      "type": "yandex_compute_image",
      "name": "ubuntu",
      "provider": "provider[\"registry.terraform.io/yandex-cloud/yandex\"]",
      "instances": [
        {
          "schema_version": 0,
          "attributes": {
            "created_at": "2023-12-18T10:56:31Z",
            "description": "ubuntu 20.04 lts",
            "family": "ubuntu-2004-lts",
            "folder_id": "standard-images",
            "id": "fd85an6q1o26nf37i2nl",
            "image_id": "fd85an6q1o26nf37i2nl",
            "labels": {},
            "min_disk_size": 5,
            "name": "ubuntu-20-04-lts-v20231218",
            "os_type": "linux",
            "pooled": true,
            "product_ids": [
              "f2ekp29fd7vk7pke4hj5"
            ],
            "size": 4,
            "status": "ready"
          },
          "sensitive_attributes": []
        }
      ]
    },
    {
      "mode": "managed",
      "type": "local_file",
      "name": "hosts_cfg",
      "provider": "provider[\"registry.terraform.io/hashicorp/local\"]",
      "instances": [
        {
          "schema_version": 0,
          "attributes": {
            "content": "---\nlocalmasterservers:\n  hosts:\n    local-master-first:\n      ansible_host: 10.0.1.13\nmasterservers:\n  hosts:\n    master-first:\n      ansible_host: 158.160.127.46\nworkerservers:\n  hosts:\n    worker-0:\n      ansible_host: 158.160.61.195\n    worker-1:\n      ansible_host: 158.160.124.230",
            "content_base64": null,
            "content_base64sha256": "1zlWX1kmJMxaol2Bq5MQCykyEk4FIWzP+ALR/8JeFsY=",
            "content_base64sha512": "PdSg6Fi/E/LehEm4+HKQXeiBIB8bMzdNJOk0pFOdiYHdGDGFRWr0kpkITlqzCR65nu/V8OkewkQUNDd5W+z2mw==",
            "content_md5": "7a8f41ac00b8e06e8dc1e7e4b6c28a85",
            "content_sha1": "30b293d4b9db5b0a42438070fdd049f700521e9b",
            "content_sha256": "d739565f592624cc5aa25d81ab93100b2932124e05216ccff802d1ffc25e16c6",
            "content_sha512": "3dd4a0e858bf13f2de8449b8f872905de881201f1b33374d24e934a4539d8981dd183185456af49299084e5ab3091eb99eefd5f0e91ec244143437795becf69b",
            "directory_permission": "0777",
            "file_permission": "0777",
            "filename": "/home/pixel/Документы/netology/TerraformCreateVM/inventory/hosts.yml",
            "id": "30b293d4b9db5b0a42438070fdd049f700521e9b",
            "sensitive_content": null,
            "source": null
          },
          "sensitive_attributes": [],
          "dependencies": [
            "data.yandex_compute_image.ubuntu",
            "yandex_compute_instance.develop",
            "yandex_compute_instance.web",
            "yandex_vpc_network.develop",
            "yandex_vpc_subnet.develop"
          ]
        }
      ]
    },
    {
      "mode": "managed",
      "type": "yandex_compute_instance",
      "name": "develop",
      "provider": "provider[\"registry.terraform.io/yandex-cloud/yandex\"]",
      "instances": [
        {
          "index_key": 0,
          "schema_version": 1,
          "attributes": {
            "allow_recreate": null,
            "allow_stopping_for_update": null,
            "boot_disk": [
              {
                "auto_delete": true,
                "device_name": "fhm1f78nvmrkag18torf",
                "disk_id": "fhm1f78nvmrkag18torf",
                "initialize_params": [
                  {
                    "block_size": 4096,
                    "description": "",
                    "image_id": "fd85an6q1o26nf37i2nl",
                    "name": "",
                    "size": 100,
                    "snapshot_id": "",
                    "type": "network-hdd"
                  }
                ],
                "mode": "READ_WRITE"
              }
            ],
            "created_at": "2023-12-22T15:33:46Z",
            "description": "",
            "filesystem": [],
            "folder_id": "b1g5tt90an6lmk8jes83",
            "fqdn": "fhmkrbbjkl1dtmick56s.auto.internal",
            "gpu_cluster_id": "",
            "hostname": "",
            "id": "fhmkrbbjkl1dtmick56s",
            "labels": null,
            "local_disk": [],
            "metadata": {
              "serial-port-enable": "1",
              "user-data": "#cloud-config\nusers:\n  - name: pixel\n    groups: sudo\n    shell: /bin/bash\n    sudo: 'ALL=(ALL) NOPASSWD:ALL'\n    ssh-authorized-keys:\n      - ssh-rsa AAAAB3NzaC1yc2EAAAADAQABAAABgQDU/7xURrYj4rXzYY9ke003OT1lm1P2cnOuMqDmIDwbbWKoVJDl7EBVyJhpN/hgCXBNS/xDvTT7vt/SvOLbE4TuJoCYmio7XwqkkJTynWg50IrcQ2eGhReyLq2e0gq7F99O8sS2OtgBdROtnfqZJvaWhC/Miwq7dIyj7zSitmIB7srs2CcLYWwfBZuXgw0Go3JUJz1rhIIEcQVdQNPnOOH1gS5k1zvwXVGCHUpK0vmjiVG3AqgJ3K8smaD2aZpFzAmvVlL12y9Lcq2TeuVEmiyyo+cUP8TsysxRdM7GeawzDKoRZyEaichNCaESqFeW7a7fyojw7nNh4A7rPq8iB15lPMNZSbFWpfGYv57c64UWgUFKL2kV4ils2jmXfgDpKhJt6TjzRe2+e1bGcR3VC78HOfX28sa4po+j+WTJPca/1qW4abC6kcsEwRXO+844aKH7XRwTwTcZa65CXvUiJupkIOwbuP05l5PZ5U8EqU2bAOh+6KLyiShlrzMD4WQKZd0= pixel@ubu\n      - ssh-rsa AAAAB3NzaC1yc2EAAAADAQABAAABgQDoSgzc+zkCcKka6BumSDD79K8NHhjUsgoG6dhgFDiDuXHqWRJsdb2sjhIlNTGU4QLH5mRCfjNRVsMy49TA+Mfrhrk1RE1rm7p5J7KsWFZYk8sLhpLERH8hwvpN6SJw4xd1qglCzSn+KayBic+6x3/kB0sEEG5MFfz8DsFn6hbzR4F4OZvpF/cLAlCVXDmWQEWPQyo7m1bEe+9k8LuEi9AMK2c+pE2hcEvpXmpoHV43sVjMYViOgtp8Xw6qctyTK5h53xUdETA6sN2HuskqB4irihCF1gGgibDbPgTwA/5RljYH/2EP0wQYn0Nt0okKy/6F0FVaRuKw9D/NuJWR5KxzB7RDKYblquUzeEySk5gOcoxNFOvIEhoQqMPO7C3Ne98P7x7OVqGFej5ra7x3j10BktirCEQkdN38TWcKDHV1kxyri7oo7KFzPWyU32l7+/40FRnCSn8vZe0sMKybmvUvxVgLw1m9adK0E2V35ecJAjj3MMPU/JzE5j70sp2at8s= pixel@Yoga"
            },
            "metadata_options": [
              {
                "aws_v1_http_endpoint": 1,
                "aws_v1_http_token": 2,
                "gce_http_endpoint": 1,
                "gce_http_token": 1
              }
            ],
            "name": "worker-0",
            "network_acceleration_type": "standard",
            "network_interface": [
              {
                "dns_record": [],
                "index": 0,
                "ip_address": "10.0.1.8",
                "ipv4": true,
                "ipv6": false,
                "ipv6_address": "",
                "ipv6_dns_record": [],
                "mac_address": "d0:0d:14:da:d7:3a",
                "nat": true,
                "nat_dns_record": [],
                "nat_ip_address": "158.160.61.195",
                "nat_ip_version": "IPV4",
                "security_group_ids": [],
                "subnet_id": "e9bvgdeaio8qd12kavvr"
              }
            ],
            "placement_policy": [
              {
                "host_affinity_rules": [],
                "placement_group_id": ""
              }
            ],
            "platform_id": "standard-v1",
            "resources": [
              {
                "core_fraction": 5,
                "cores": 2,
                "gpus": 0,
                "memory": 1
              }
            ],
            "scheduling_policy": [
              {
                "preemptible": true
              }
            ],
            "secondary_disk": [],
            "service_account_id": "",
            "status": "running",
            "timeouts": null,
            "zone": "ru-central1-a"
          },
          "sensitive_attributes": [],
          "private": "eyJlMmJmYjczMC1lY2FhLTExZTYtOGY4OC0zNDM2M2JjN2M0YzAiOnsiY3JlYXRlIjozMDAwMDAwMDAwMDAsImRlbGV0ZSI6MzAwMDAwMDAwMDAwLCJ1cGRhdGUiOjMwMDAwMDAwMDAwMH0sInNjaGVtYV92ZXJzaW9uIjoiMSJ9",
          "dependencies": [
            "data.yandex_compute_image.ubuntu",
            "yandex_vpc_network.develop",
            "yandex_vpc_subnet.develop"
          ]
        },
        {
          "index_key": 1,
          "schema_version": 1,
          "attributes": {
            "allow_recreate": null,
            "allow_stopping_for_update": null,
            "boot_disk": [
              {
                "auto_delete": true,
                "device_name": "fhmgrj4suta0881g2qml",
                "disk_id": "fhmgrj4suta0881g2qml",
                "initialize_params": [
                  {
                    "block_size": 4096,
                    "description": "",
                    "image_id": "fd85an6q1o26nf37i2nl",
                    "name": "",
                    "size": 100,
                    "snapshot_id": "",
                    "type": "network-hdd"
                  }
                ],
                "mode": "READ_WRITE"
              }
            ],
            "created_at": "2023-12-22T15:33:46Z",
            "description": "",
            "filesystem": [],
            "folder_id": "b1g5tt90an6lmk8jes83",
            "fqdn": "fhmrfq8v7en1q5cvbhvp.auto.internal",
            "gpu_cluster_id": "",
            "hostname": "",
            "id": "fhmrfq8v7en1q5cvbhvp",
            "labels": null,
            "local_disk": [],
            "metadata": {
              "serial-port-enable": "1",
              "user-data": "#cloud-config\nusers:\n  - name: pixel\n    groups: sudo\n    shell: /bin/bash\n    sudo: 'ALL=(ALL) NOPASSWD:ALL'\n    ssh-authorized-keys:\n      - ssh-rsa AAAAB3NzaC1yc2EAAAADAQABAAABgQDU/7xURrYj4rXzYY9ke003OT1lm1P2cnOuMqDmIDwbbWKoVJDl7EBVyJhpN/hgCXBNS/xDvTT7vt/SvOLbE4TuJoCYmio7XwqkkJTynWg50IrcQ2eGhReyLq2e0gq7F99O8sS2OtgBdROtnfqZJvaWhC/Miwq7dIyj7zSitmIB7srs2CcLYWwfBZuXgw0Go3JUJz1rhIIEcQVdQNPnOOH1gS5k1zvwXVGCHUpK0vmjiVG3AqgJ3K8smaD2aZpFzAmvVlL12y9Lcq2TeuVEmiyyo+cUP8TsysxRdM7GeawzDKoRZyEaichNCaESqFeW7a7fyojw7nNh4A7rPq8iB15lPMNZSbFWpfGYv57c64UWgUFKL2kV4ils2jmXfgDpKhJt6TjzRe2+e1bGcR3VC78HOfX28sa4po+j+WTJPca/1qW4abC6kcsEwRXO+844aKH7XRwTwTcZa65CXvUiJupkIOwbuP05l5PZ5U8EqU2bAOh+6KLyiShlrzMD4WQKZd0= pixel@ubu\n      - ssh-rsa AAAAB3NzaC1yc2EAAAADAQABAAABgQDoSgzc+zkCcKka6BumSDD79K8NHhjUsgoG6dhgFDiDuXHqWRJsdb2sjhIlNTGU4QLH5mRCfjNRVsMy49TA+Mfrhrk1RE1rm7p5J7KsWFZYk8sLhpLERH8hwvpN6SJw4xd1qglCzSn+KayBic+6x3/kB0sEEG5MFfz8DsFn6hbzR4F4OZvpF/cLAlCVXDmWQEWPQyo7m1bEe+9k8LuEi9AMK2c+pE2hcEvpXmpoHV43sVjMYViOgtp8Xw6qctyTK5h53xUdETA6sN2HuskqB4irihCF1gGgibDbPgTwA/5RljYH/2EP0wQYn0Nt0okKy/6F0FVaRuKw9D/NuJWR5KxzB7RDKYblquUzeEySk5gOcoxNFOvIEhoQqMPO7C3Ne98P7x7OVqGFej5ra7x3j10BktirCEQkdN38TWcKDHV1kxyri7oo7KFzPWyU32l7+/40FRnCSn8vZe0sMKybmvUvxVgLw1m9adK0E2V35ecJAjj3MMPU/JzE5j70sp2at8s= pixel@Yoga"
            },
            "metadata_options": [
              {
                "aws_v1_http_endpoint": 1,
                "aws_v1_http_token": 2,
                "gce_http_endpoint": 1,
                "gce_http_token": 1
              }
            ],
            "name": "worker-1",
            "network_acceleration_type": "standard",
            "network_interface": [
              {
                "dns_record": [],
                "index": 0,
                "ip_address": "10.0.1.27",
                "ipv4": true,
                "ipv6": false,
                "ipv6_address": "",
                "ipv6_dns_record": [],
                "mac_address": "d0:0d:1b:7e:91:f3",
                "nat": true,
                "nat_dns_record": [],
                "nat_ip_address": "158.160.124.230",
                "nat_ip_version": "IPV4",
                "security_group_ids": [],
                "subnet_id": "e9bvgdeaio8qd12kavvr"
              }
            ],
            "placement_policy": [
              {
                "host_affinity_rules": [],
                "placement_group_id": ""
              }
            ],
            "platform_id": "standard-v1",
            "resources": [
              {
                "core_fraction": 5,
                "cores": 2,
                "gpus": 0,
                "memory": 1
              }
            ],
            "scheduling_policy": [
              {
                "preemptible": true
              }
            ],
            "secondary_disk": [],
            "service_account_id": "",
            "status": "running",
            "timeouts": null,
            "zone": "ru-central1-a"
          },
          "sensitive_attributes": [],
          "private": "eyJlMmJmYjczMC1lY2FhLTExZTYtOGY4OC0zNDM2M2JjN2M0YzAiOnsiY3JlYXRlIjozMDAwMDAwMDAwMDAsImRlbGV0ZSI6MzAwMDAwMDAwMDAwLCJ1cGRhdGUiOjMwMDAwMDAwMDAwMH0sInNjaGVtYV92ZXJzaW9uIjoiMSJ9",
          "dependencies": [
            "data.yandex_compute_image.ubuntu",
            "yandex_vpc_network.develop",
            "yandex_vpc_subnet.develop"
          ]
        }
      ]
    },
    {
      "mode": "managed",
      "type": "yandex_compute_instance",
      "name": "web",
      "provider": "provider[\"registry.terraform.io/yandex-cloud/yandex\"]",
      "instances": [
        {
          "index_key": "first",
          "schema_version": 1,
          "attributes": {
            "allow_recreate": null,
            "allow_stopping_for_update": null,
            "boot_disk": [
              {
                "auto_delete": true,
                "device_name": "fhmrejno08usi5r9fg6k",
                "disk_id": "fhmrejno08usi5r9fg6k",
                "initialize_params": [
                  {
                    "block_size": 4096,
                    "description": "",
                    "image_id": "fd85an6q1o26nf37i2nl",
                    "name": "",
                    "size": 50,
                    "snapshot_id": "",
                    "type": "network-hdd"
                  }
                ],
                "mode": "READ_WRITE"
              }
            ],
            "created_at": "2023-12-22T15:33:46Z",
            "description": "",
            "filesystem": [],
            "folder_id": "b1g5tt90an6lmk8jes83",
            "fqdn": "fhm4r3ud3v1h5jhnsdkm.auto.internal",
            "gpu_cluster_id": "",
            "hostname": "",
            "id": "fhm4r3ud3v1h5jhnsdkm",
            "labels": null,
            "local_disk": [],
            "metadata": {
              "serial-port-enable": "0",
              "user-data": "#cloud-config\nusers:\n  - name: pixel\n    groups: sudo\n    shell: /bin/bash\n    sudo: 'ALL=(ALL) NOPASSWD:ALL'\n    ssh-authorized-keys:\n      - ssh-rsa AAAAB3NzaC1yc2EAAAADAQABAAABgQDU/7xURrYj4rXzYY9ke003OT1lm1P2cnOuMqDmIDwbbWKoVJDl7EBVyJhpN/hgCXBNS/xDvTT7vt/SvOLbE4TuJoCYmio7XwqkkJTynWg50IrcQ2eGhReyLq2e0gq7F99O8sS2OtgBdROtnfqZJvaWhC/Miwq7dIyj7zSitmIB7srs2CcLYWwfBZuXgw0Go3JUJz1rhIIEcQVdQNPnOOH1gS5k1zvwXVGCHUpK0vmjiVG3AqgJ3K8smaD2aZpFzAmvVlL12y9Lcq2TeuVEmiyyo+cUP8TsysxRdM7GeawzDKoRZyEaichNCaESqFeW7a7fyojw7nNh4A7rPq8iB15lPMNZSbFWpfGYv57c64UWgUFKL2kV4ils2jmXfgDpKhJt6TjzRe2+e1bGcR3VC78HOfX28sa4po+j+WTJPca/1qW4abC6kcsEwRXO+844aKH7XRwTwTcZa65CXvUiJupkIOwbuP05l5PZ5U8EqU2bAOh+6KLyiShlrzMD4WQKZd0= pixel@ubu\n      - ssh-rsa AAAAB3NzaC1yc2EAAAADAQABAAABgQDoSgzc+zkCcKka6BumSDD79K8NHhjUsgoG6dhgFDiDuXHqWRJsdb2sjhIlNTGU4QLH5mRCfjNRVsMy49TA+Mfrhrk1RE1rm7p5J7KsWFZYk8sLhpLERH8hwvpN6SJw4xd1qglCzSn+KayBic+6x3/kB0sEEG5MFfz8DsFn6hbzR4F4OZvpF/cLAlCVXDmWQEWPQyo7m1bEe+9k8LuEi9AMK2c+pE2hcEvpXmpoHV43sVjMYViOgtp8Xw6qctyTK5h53xUdETA6sN2HuskqB4irihCF1gGgibDbPgTwA/5RljYH/2EP0wQYn0Nt0okKy/6F0FVaRuKw9D/NuJWR5KxzB7RDKYblquUzeEySk5gOcoxNFOvIEhoQqMPO7C3Ne98P7x7OVqGFej5ra7x3j10BktirCEQkdN38TWcKDHV1kxyri7oo7KFzPWyU32l7+/40FRnCSn8vZe0sMKybmvUvxVgLw1m9adK0E2V35ecJAjj3MMPU/JzE5j70sp2at8s= pixel@Yoga"
            },
            "metadata_options": [
              {
                "aws_v1_http_endpoint": 1,
                "aws_v1_http_token": 2,
                "gce_http_endpoint": 1,
                "gce_http_token": 1
              }
            ],
            "name": "master-first",
            "network_acceleration_type": "standard",
            "network_interface": [
              {
                "dns_record": [],
                "index": 0,
                "ip_address": "10.0.1.13",
                "ipv4": true,
                "ipv6": false,
                "ipv6_address": "",
                "ipv6_dns_record": [],
                "mac_address": "d0:0d:4d:8f:cd:1f",
                "nat": true,
                "nat_dns_record": [],
                "nat_ip_address": "158.160.127.46",
                "nat_ip_version": "IPV4",
                "security_group_ids": [],
                "subnet_id": "e9bvgdeaio8qd12kavvr"
              }
            ],
            "placement_policy": [
              {
                "host_affinity_rules": [],
                "placement_group_id": ""
              }
            ],
            "platform_id": "standard-v1",
            "resources": [
              {
                "core_fraction": 5,
                "cores": 2,
                "gpus": 0,
                "memory": 2
              }
            ],
            "scheduling_policy": [
              {
                "preemptible": false
              }
            ],
            "secondary_disk": [],
            "service_account_id": "",
            "status": "running",
            "timeouts": null,
            "zone": "ru-central1-a"
          },
          "sensitive_attributes": [],
          "private": "eyJlMmJmYjczMC1lY2FhLTExZTYtOGY4OC0zNDM2M2JjN2M0YzAiOnsiY3JlYXRlIjozMDAwMDAwMDAwMDAsImRlbGV0ZSI6MzAwMDAwMDAwMDAwLCJ1cGRhdGUiOjMwMDAwMDAwMDAwMH0sInNjaGVtYV92ZXJzaW9uIjoiMSJ9",
          "dependencies": [
            "data.yandex_compute_image.ubuntu",
            "yandex_vpc_network.develop",
            "yandex_vpc_subnet.develop"
          ]
        }
      ]
    },
    {
      "mode": "managed",
      "type": "yandex_vpc_network",
      "name": "develop",
      "provider": "provider[\"registry.terraform.io/yandex-cloud/yandex\"]",
      "instances": [
        {
          "schema_version": 0,
          "attributes": {
            "created_at": "2023-12-22T15:33:43Z",
            "default_security_group_id": "enp03tnpm4bfh2g6srep",
            "description": "",
            "folder_id": "b1g5tt90an6lmk8jes83",
            "id": "enp5h6fcukra2h0fjcnq",
            "labels": {},
            "name": "develop",
            "subnet_ids": [],
            "timeouts": null
          },
          "sensitive_attributes": [],
          "private": "eyJlMmJmYjczMC1lY2FhLTExZTYtOGY4OC0zNDM2M2JjN2M0YzAiOnsiY3JlYXRlIjo2MDAwMDAwMDAwMCwiZGVsZXRlIjo2MDAwMDAwMDAwMCwidXBkYXRlIjo2MDAwMDAwMDAwMH19"
        }
      ]
    },
    {
      "mode": "managed",
      "type": "yandex_vpc_security_group",
      "name": "example",
      "provider": "provider[\"registry.terraform.io/yandex-cloud/yandex\"]",
      "instances": [
        {
          "schema_version": 0,
          "attributes": {
            "created_at": "2023-12-22T15:33:46Z",
            "description": "",
            "egress": [
              {
                "description": "разрешить весь исходящий трафик",
                "from_port": 0,
                "id": "enpkkdtv3aaq6785g8td",
                "labels": {},
                "port": -1,
                "predefined_target": "",
                "protocol": "TCP",
                "security_group_id": "",
                "to_port": 65365,
                "v4_cidr_blocks": [
                  "0.0.0.0/0"
                ],
                "v6_cidr_blocks": []
              }
            ],
            "folder_id": "b1g5tt90an6lmk8jes83",
            "id": "enp4clnskf7ik3fj4cse",
            "ingress": [
              {
                "description": "разрешить входящий  http",
                "from_port": -1,
                "id": "enplgpp0detqscn2dcnl",
                "labels": {},
                "port": 80,
                "predefined_target": "",
                "protocol": "TCP",
                "security_group_id": "",
                "to_port": -1,
                "v4_cidr_blocks": [
                  "0.0.0.0/0"
                ],
                "v6_cidr_blocks": []
              },
              {
                "description": "разрешить входящий https",
                "from_port": -1,
                "id": "enp4e9v3ojs7fu4c07t2",
                "labels": {},
                "port": 443,
                "predefined_target": "",
                "protocol": "TCP",
                "security_group_id": "",
                "to_port": -1,
                "v4_cidr_blocks": [
                  "0.0.0.0/0"
                ],
                "v6_cidr_blocks": []
              },
              {
                "description": "разрешить входящий ssh",
                "from_port": -1,
                "id": "enpam8jhit7evs3bc58b",
                "labels": {},
                "port": 22,
                "predefined_target": "",
                "protocol": "TCP",
                "security_group_id": "",
                "to_port": -1,
                "v4_cidr_blocks": [
                  "0.0.0.0/0"
                ],
                "v6_cidr_blocks": []
              }
            ],
            "labels": {},
            "name": "example_dynamic",
            "network_id": "enp5h6fcukra2h0fjcnq",
            "status": "ACTIVE",
            "timeouts": null
          },
          "sensitive_attributes": [],
          "private": "eyJlMmJmYjczMC1lY2FhLTExZTYtOGY4OC0zNDM2M2JjN2M0YzAiOnsiY3JlYXRlIjoxODAwMDAwMDAwMDAsImRlbGV0ZSI6MTgwMDAwMDAwMDAwLCJ1cGRhdGUiOjE4MDAwMDAwMDAwMH19",
          "dependencies": [
            "yandex_vpc_network.develop"
          ]
        }
      ]
    },
    {
      "mode": "managed",
      "type": "yandex_vpc_subnet",
      "name": "develop",
      "provider": "provider[\"registry.terraform.io/yandex-cloud/yandex\"]",
      "instances": [
        {
          "schema_version": 0,
          "attributes": {
            "created_at": "2023-12-22T15:33:45Z",
            "description": "",
            "dhcp_options": [],
            "folder_id": "b1g5tt90an6lmk8jes83",
            "id": "e9bvgdeaio8qd12kavvr",
            "labels": {},
            "name": "develop",
            "network_id": "enp5h6fcukra2h0fjcnq",
            "route_table_id": "",
            "timeouts": null,
            "v4_cidr_blocks": [
              "10.0.1.0/24"
            ],
            "v6_cidr_blocks": [],
            "zone": "ru-central1-a"
          },
          "sensitive_attributes": [],
          "private": "eyJlMmJmYjczMC1lY2FhLTExZTYtOGY4OC0zNDM2M2JjN2M0YzAiOnsiY3JlYXRlIjoxODAwMDAwMDAwMDAsImRlbGV0ZSI6MTgwMDAwMDAwMDAwLCJ1cGRhdGUiOjE4MDAwMDAwMDAwMH19",
          "dependencies": [
            "yandex_vpc_network.develop"
          ]
        }
      ]
    }
  ],
  "check_results": null
}
